
Microsoft Visual Studio Solution File, Format Version 12.00
# Visual Studio Version 17
VisualStudioVersion = 17.5.33414.496
MinimumVisualStudioVersion = 10.0.40219.1
Project("{2150E333-8FDC-42A3-9474-1A3956D46DE8}") = "04 - Repeticao", "04 - Repeticao", "{7A4B03B5-6B03-453B-BCE9-F4CC35DCE39E}"
EndProject
Project("{9A19103F-16F7-4668-BE54-9A1E7A4F7556}") = "Tabuada", "..\Repeticao01\Tabuada.csproj", "{2D1C7247-C670-4429-BEF4-CD92D04B41F1}"
EndProject
Project("{9A19103F-16F7-4668-BE54-9A1E7A4F7556}") = "Fatorial", "..\Fatorial\Fatorial.csproj", "{B25EFA53-9842-43CE-856E-0BFADB118C33}"
EndProject
Project("{9A19103F-16F7-4668-BE54-9A1E7A4F7556}") = "SomatoriaNumeros", "..\SomatoriaNumeros\SomatoriaNumeros.csproj", "{31D4B91C-D332-446B-8EB7-030D1C159349}"
EndProject
Project("{9A19103F-16F7-4668-BE54-9A1E7A4F7556}") = "NumPares", "..\NumPares\NumPares.csproj", "{DBDEAAB8-6E57-4BB2-A2AE-B170E40AE1D5}"
EndProject
Project("{2150E333-8FDC-42A3-9474-1A3956D46DE8}") = "05 - Arrays", "05 - Arrays", "{63CD4BE4-FD5D-45B5-9A79-0A3FE60FA537}"
EndProject
Project("{9A19103F-16F7-4668-BE54-9A1E7A4F7556}") = "Arrays", "Vetores\Arrays.csproj", "{18249136-B4F5-4760-A134-BE54692CC17B}"
EndProject
Project("{9A19103F-16F7-4668-BE54-9A1E7A4F7556}") = "InicializacaoArray", "InicializacaoArray\InicializacaoArray.csproj", "{C7CB7F40-1F62-4BB5-A756-AEEF479DBE09}"
EndProject
Project("{9A19103F-16F7-4668-BE54-9A1E7A4F7556}") = "LerElementosA_B", "LerElementosA_B\LerElementosA_B.csproj", "{61339818-FB6B-46FE-A855-50CEB3438D68}"
EndProject
Project("{9A19103F-16F7-4668-BE54-9A1E7A4F7556}") = "Matriz", "Matriz\Matriz.csproj", "{3D3D169B-FE02-4B7F-8211-E003657F73C0}"
EndProject
Project("{9A19103F-16F7-4668-BE54-9A1E7A4F7556}") = "Matriz2x2", "Matriz2x2\Matriz2x2.csproj", "{57DAD1D5-5BE8-4856-86EA-DCC53E8E4A50}"
EndProject
Project("{2150E333-8FDC-42A3-9474-1A3956D46DE8}") = "06 - Versionamento", "06 - Versionamento", "{7132D6CE-BC09-4CA9-B125-7F3DA1A1B7D8}"
EndProject
Project("{9A19103F-16F7-4668-BE54-9A1E7A4F7556}") = "CalcPesoAltura", "CalcPesoAltura\CalcPesoAltura.csproj", "{3716E7A0-8867-43C5-9E89-A06D3F0A91D9}"
EndProject
Project("{9A19103F-16F7-4668-BE54-9A1E7A4F7556}") = "ValorVenda", "ValorVenda\ValorVenda.csproj", "{F557004B-9E14-410A-8D05-F99BDE5D1996}"
EndProject
Project("{2150E333-8FDC-42A3-9474-1A3956D46DE8}") = "07 - Funcoes Argumentos", "07 - Funcoes Argumentos", "{A6637785-18CD-4C40-BBAF-A615A6C949B2}"
EndProject
Project("{9A19103F-16F7-4668-BE54-9A1E7A4F7556}") = "Calc", "Calc\Calc.csproj", "{20B45898-80BF-4301-AEC8-46C5E732174D}"
EndProject
Project("{9A19103F-16F7-4668-BE54-9A1E7A4F7556}") = "SolTemp", "SolTemp\SolTemp.csproj", "{3865AC3E-0E34-4024-AC5B-11255C18F354}"
EndProject
Project("{9A19103F-16F7-4668-BE54-9A1E7A4F7556}") = "CalcBaseExpoente", "CalcBaseExpoente\CalcBaseExpoente.csproj", "{AFDD34FE-A5FA-4D82-819E-CD9C2FB8FFCD}"
EndProject
Project("{2150E333-8FDC-42A3-9474-1A3956D46DE8}") = "08 - Metodos Return", "08 - Metodos Return", "{533AE2DE-0B3E-4D48-9B4B-E338FAFB7CA4}"
EndProject
Project("{9A19103F-16F7-4668-BE54-9A1E7A4F7556}") = "ValidaLogin", "ValidaLogin\ValidaLogin.csproj", "{5D9D6D99-B522-4037-9DC9-96B8FF034F3C}"
EndProject
Project("{9A19103F-16F7-4668-BE54-9A1E7A4F7556}") = "GrausCelsiusReturn", "GrausCelsiusReturn\GrausCelsiusReturn.csproj", "{3FD7DC8E-9A62-4178-8727-10DA1071FD8D}"
EndProject
Project("{9A19103F-16F7-4668-BE54-9A1E7A4F7556}") = "SolReajusteReturn", "SolReajusteReturn\SolReajusteReturn.csproj", "{62B5F5D3-FF64-4C19-902F-8DC809ACC098}"
EndProject
Project("{9A19103F-16F7-4668-BE54-9A1E7A4F7556}") = "NatacaoApp", "NatacaoApp\NatacaoApp.csproj", "{67B1C6E3-EEC7-484A-A61D-CC21F8547306}"
EndProject
Project("{2150E333-8FDC-42A3-9474-1A3956D46DE8}") = "Modulo 01 - Logicas", "Modulo 01 - Logicas", "{7F74771B-FF4C-47DC-85FF-EAE2E881DF01}"
EndProject
Project("{2150E333-8FDC-42A3-9474-1A3956D46DE8}") = "Modulo 02 - POO", "Modulo 02 - POO", "{EE3EC30C-A37A-48BE-91A2-2CBE6702F83F}"
EndProject
Project("{2150E333-8FDC-42A3-9474-1A3956D46DE8}") = "01 - Introducao", "01 - Introducao", "{7689BDD8-60FF-4827-A26D-DD402B5EB51F}"
EndProject
Project("{9A19103F-16F7-4668-BE54-9A1E7A4F7556}") = "02_Temp", "02_Temp\02_Temp.csproj", "{DCA69C4C-FAB8-470A-870F-2B791F5F0BD2}"
EndProject
Project("{9A19103F-16F7-4668-BE54-9A1E7A4F7556}") = "02_Conta", "02 - Conta\02_Conta.csproj", "{E14D2B32-64B9-48B9-BABF-5C108C4F721F}"
EndProject
Project("{2150E333-8FDC-42A3-9474-1A3956D46DE8}") = "02 - GetterSetter", "02 - GetterSetter", "{571D9BD6-8B46-4C7C-871D-A35140916A15}"
EndProject
Project("{9A19103F-16F7-4668-BE54-9A1E7A4F7556}") = "03_Investimento", "03_Investimento\03_Investimento.csproj", "{243AC333-6643-476B-B6E8-6176C8CD9862}"
EndProject
Project("{9A19103F-16F7-4668-BE54-9A1E7A4F7556}") = "04_Cliente", "04_Cliente\04_Cliente.csproj", "{F366B479-DE02-4B7B-8B40-207E6AC72A76}"
EndProject
Project("{9A19103F-16F7-4668-BE54-9A1E7A4F7556}") = "05_Triangulo", "05_Triangulo\05_Triangulo.csproj", "{C6ABA86E-DA3A-44F5-B31F-392CC657B68D}"
EndProject
Project("{2150E333-8FDC-42A3-9474-1A3956D46DE8}") = "03 - ConstrutoresHeranca", "03 - ConstrutoresHeranca", "{AFD8FCC8-D7C7-473C-B0AF-416F01CE76B5}"
EndProject
Project("{9A19103F-16F7-4668-BE54-9A1E7A4F7556}") = "01 - Pallet", "Pallet\01 - Pallet.csproj", "{71C8A89D-6BBB-468A-9C1D-0F1E252CC3EF}"
EndProject
Project("{9A19103F-16F7-4668-BE54-9A1E7A4F7556}") = "02_AppSeguro", "02_AppSeguro\02_AppSeguro.csproj", "{025C0EB4-BB99-4F35-86DC-E3DABE18098E}"
EndProject
Project("{2150E333-8FDC-42A3-9474-1A3956D46DE8}") = "04 - Heranca", "04 - Heranca", "{EB5036A5-CAFA-4000-A610-DB5BEBB9E5BC}"
EndProject
Project("{9A19103F-16F7-4668-BE54-9A1E7A4F7556}") = "01_Heranca", "01_Heranca\01_Heranca.csproj", "{DE45107F-B586-41CD-8395-CC55F227A1F6}"
EndProject
Project("{9A19103F-16F7-4668-BE54-9A1E7A4F7556}") = "02_LivroEbook", "02_LivroEbook\02_LivroEbook.csproj", "{D07388EC-5A28-4006-AD08-909363E21E21}"
EndProject
Project("{2150E333-8FDC-42A3-9474-1A3956D46DE8}") = "05 - Polimorfismo", "05 - Polimorfismo", "{4613250C-559E-46BD-B11F-F1AE56E7E7F9}"
EndProject
Project("{9A19103F-16F7-4668-BE54-9A1E7A4F7556}") = "01_Polimorfismo", "01_Polimorfismo\01_Polimorfismo.csproj", "{1B66351B-7052-42B9-8B0D-FCC9B65AFEF8}"
EndProject
Project("{9A19103F-16F7-4668-BE54-9A1E7A4F7556}") = "03_Veiculos", "03_Veiculos\03_Veiculos.csproj", "{D0E8A36A-882B-48C7-B6B8-CCD9BE8FD9A5}"
EndProject
Project("{FAE04EC0-301F-11D3-BF4B-00C04F79EFBC}") = "02_Enumerator", "02_Enumerator\02_Enumerator.csproj", "{23E2FD28-67DA-4264-81EA-AFA248140CB2}"
EndProject
Global
	GlobalSection(SolutionConfigurationPlatforms) = preSolution
		Debug|Any CPU = Debug|Any CPU
		Release|Any CPU = Release|Any CPU
	EndGlobalSection
	GlobalSection(ProjectConfigurationPlatforms) = postSolution
		{2D1C7247-C670-4429-BEF4-CD92D04B41F1}.Debug|Any CPU.ActiveCfg = Debug|Any CPU
		{2D1C7247-C670-4429-BEF4-CD92D04B41F1}.Debug|Any CPU.Build.0 = Debug|Any CPU
		{2D1C7247-C670-4429-BEF4-CD92D04B41F1}.Release|Any CPU.ActiveCfg = Release|Any CPU
		{2D1C7247-C670-4429-BEF4-CD92D04B41F1}.Release|Any CPU.Build.0 = Release|Any CPU
		{B25EFA53-9842-43CE-856E-0BFADB118C33}.Debug|Any CPU.ActiveCfg = Debug|Any CPU
		{B25EFA53-9842-43CE-856E-0BFADB118C33}.Debug|Any CPU.Build.0 = Debug|Any CPU
		{B25EFA53-9842-43CE-856E-0BFADB118C33}.Release|Any CPU.ActiveCfg = Release|Any CPU
		{B25EFA53-9842-43CE-856E-0BFADB118C33}.Release|Any CPU.Build.0 = Release|Any CPU
		{31D4B91C-D332-446B-8EB7-030D1C159349}.Debug|Any CPU.ActiveCfg = Debug|Any CPU
		{31D4B91C-D332-446B-8EB7-030D1C159349}.Debug|Any CPU.Build.0 = Debug|Any CPU
		{31D4B91C-D332-446B-8EB7-030D1C159349}.Release|Any CPU.ActiveCfg = Release|Any CPU
		{31D4B91C-D332-446B-8EB7-030D1C159349}.Release|Any CPU.Build.0 = Release|Any CPU
		{DBDEAAB8-6E57-4BB2-A2AE-B170E40AE1D5}.Debug|Any CPU.ActiveCfg = Debug|Any CPU
		{DBDEAAB8-6E57-4BB2-A2AE-B170E40AE1D5}.Debug|Any CPU.Build.0 = Debug|Any CPU
		{DBDEAAB8-6E57-4BB2-A2AE-B170E40AE1D5}.Release|Any CPU.ActiveCfg = Release|Any CPU
		{DBDEAAB8-6E57-4BB2-A2AE-B170E40AE1D5}.Release|Any CPU.Build.0 = Release|Any CPU
		{18249136-B4F5-4760-A134-BE54692CC17B}.Debug|Any CPU.ActiveCfg = Debug|Any CPU
		{18249136-B4F5-4760-A134-BE54692CC17B}.Debug|Any CPU.Build.0 = Debug|Any CPU
		{18249136-B4F5-4760-A134-BE54692CC17B}.Release|Any CPU.ActiveCfg = Release|Any CPU
		{18249136-B4F5-4760-A134-BE54692CC17B}.Release|Any CPU.Build.0 = Release|Any CPU
		{C7CB7F40-1F62-4BB5-A756-AEEF479DBE09}.Debug|Any CPU.ActiveCfg = Debug|Any CPU
		{C7CB7F40-1F62-4BB5-A756-AEEF479DBE09}.Debug|Any CPU.Build.0 = Debug|Any CPU
		{C7CB7F40-1F62-4BB5-A756-AEEF479DBE09}.Release|Any CPU.ActiveCfg = Release|Any CPU
		{C7CB7F40-1F62-4BB5-A756-AEEF479DBE09}.Release|Any CPU.Build.0 = Release|Any CPU
		{61339818-FB6B-46FE-A855-50CEB3438D68}.Debug|Any CPU.ActiveCfg = Debug|Any CPU
		{61339818-FB6B-46FE-A855-50CEB3438D68}.Debug|Any CPU.Build.0 = Debug|Any CPU
		{61339818-FB6B-46FE-A855-50CEB3438D68}.Release|Any CPU.ActiveCfg = Release|Any CPU
		{61339818-FB6B-46FE-A855-50CEB3438D68}.Release|Any CPU.Build.0 = Release|Any CPU
		{3D3D169B-FE02-4B7F-8211-E003657F73C0}.Debug|Any CPU.ActiveCfg = Debug|Any CPU
		{3D3D169B-FE02-4B7F-8211-E003657F73C0}.Debug|Any CPU.Build.0 = Debug|Any CPU
		{3D3D169B-FE02-4B7F-8211-E003657F73C0}.Release|Any CPU.ActiveCfg = Release|Any CPU
		{3D3D169B-FE02-4B7F-8211-E003657F73C0}.Release|Any CPU.Build.0 = Release|Any CPU
		{57DAD1D5-5BE8-4856-86EA-DCC53E8E4A50}.Debug|Any CPU.ActiveCfg = Debug|Any CPU
		{57DAD1D5-5BE8-4856-86EA-DCC53E8E4A50}.Debug|Any CPU.Build.0 = Debug|Any CPU
		{57DAD1D5-5BE8-4856-86EA-DCC53E8E4A50}.Release|Any CPU.ActiveCfg = Release|Any CPU
		{57DAD1D5-5BE8-4856-86EA-DCC53E8E4A50}.Release|Any CPU.Build.0 = Release|Any CPU
		{3716E7A0-8867-43C5-9E89-A06D3F0A91D9}.Debug|Any CPU.ActiveCfg = Debug|Any CPU
		{3716E7A0-8867-43C5-9E89-A06D3F0A91D9}.Debug|Any CPU.Build.0 = Debug|Any CPU
		{3716E7A0-8867-43C5-9E89-A06D3F0A91D9}.Release|Any CPU.ActiveCfg = Release|Any CPU
		{3716E7A0-8867-43C5-9E89-A06D3F0A91D9}.Release|Any CPU.Build.0 = Release|Any CPU
		{F557004B-9E14-410A-8D05-F99BDE5D1996}.Debug|Any CPU.ActiveCfg = Debug|Any CPU
		{F557004B-9E14-410A-8D05-F99BDE5D1996}.Debug|Any CPU.Build.0 = Debug|Any CPU
		{F557004B-9E14-410A-8D05-F99BDE5D1996}.Release|Any CPU.ActiveCfg = Release|Any CPU
		{F557004B-9E14-410A-8D05-F99BDE5D1996}.Release|Any CPU.Build.0 = Release|Any CPU
		{20B45898-80BF-4301-AEC8-46C5E732174D}.Debug|Any CPU.ActiveCfg = Debug|Any CPU
		{20B45898-80BF-4301-AEC8-46C5E732174D}.Debug|Any CPU.Build.0 = Debug|Any CPU
		{20B45898-80BF-4301-AEC8-46C5E732174D}.Release|Any CPU.ActiveCfg = Release|Any CPU
		{20B45898-80BF-4301-AEC8-46C5E732174D}.Release|Any CPU.Build.0 = Release|Any CPU
		{3865AC3E-0E34-4024-AC5B-11255C18F354}.Debug|Any CPU.ActiveCfg = Debug|Any CPU
		{3865AC3E-0E34-4024-AC5B-11255C18F354}.Debug|Any CPU.Build.0 = Debug|Any CPU
		{3865AC3E-0E34-4024-AC5B-11255C18F354}.Release|Any CPU.ActiveCfg = Release|Any CPU
		{3865AC3E-0E34-4024-AC5B-11255C18F354}.Release|Any CPU.Build.0 = Release|Any CPU
		{AFDD34FE-A5FA-4D82-819E-CD9C2FB8FFCD}.Debug|Any CPU.ActiveCfg = Debug|Any CPU
		{AFDD34FE-A5FA-4D82-819E-CD9C2FB8FFCD}.Debug|Any CPU.Build.0 = Debug|Any CPU
		{AFDD34FE-A5FA-4D82-819E-CD9C2FB8FFCD}.Release|Any CPU.ActiveCfg = Release|Any CPU
		{AFDD34FE-A5FA-4D82-819E-CD9C2FB8FFCD}.Release|Any CPU.Build.0 = Release|Any CPU
		{5D9D6D99-B522-4037-9DC9-96B8FF034F3C}.Debug|Any CPU.ActiveCfg = Debug|Any CPU
		{5D9D6D99-B522-4037-9DC9-96B8FF034F3C}.Debug|Any CPU.Build.0 = Debug|Any CPU
		{5D9D6D99-B522-4037-9DC9-96B8FF034F3C}.Release|Any CPU.ActiveCfg = Release|Any CPU
		{5D9D6D99-B522-4037-9DC9-96B8FF034F3C}.Release|Any CPU.Build.0 = Release|Any CPU
		{3FD7DC8E-9A62-4178-8727-10DA1071FD8D}.Debug|Any CPU.ActiveCfg = Debug|Any CPU
		{3FD7DC8E-9A62-4178-8727-10DA1071FD8D}.Debug|Any CPU.Build.0 = Debug|Any CPU
		{3FD7DC8E-9A62-4178-8727-10DA1071FD8D}.Release|Any CPU.ActiveCfg = Release|Any CPU
		{3FD7DC8E-9A62-4178-8727-10DA1071FD8D}.Release|Any CPU.Build.0 = Release|Any CPU
		{62B5F5D3-FF64-4C19-902F-8DC809ACC098}.Debug|Any CPU.ActiveCfg = Debug|Any CPU
		{62B5F5D3-FF64-4C19-902F-8DC809ACC098}.Debug|Any CPU.Build.0 = Debug|Any CPU
		{62B5F5D3-FF64-4C19-902F-8DC809ACC098}.Release|Any CPU.ActiveCfg = Release|Any CPU
		{62B5F5D3-FF64-4C19-902F-8DC809ACC098}.Release|Any CPU.Build.0 = Release|Any CPU
		{67B1C6E3-EEC7-484A-A61D-CC21F8547306}.Debug|Any CPU.ActiveCfg = Debug|Any CPU
		{67B1C6E3-EEC7-484A-A61D-CC21F8547306}.Debug|Any CPU.Build.0 = Debug|Any CPU
		{67B1C6E3-EEC7-484A-A61D-CC21F8547306}.Release|Any CPU.ActiveCfg = Release|Any CPU
		{67B1C6E3-EEC7-484A-A61D-CC21F8547306}.Release|Any CPU.Build.0 = Release|Any CPU
		{DCA69C4C-FAB8-470A-870F-2B791F5F0BD2}.Debug|Any CPU.ActiveCfg = Debug|Any CPU
		{DCA69C4C-FAB8-470A-870F-2B791F5F0BD2}.Debug|Any CPU.Build.0 = Debug|Any CPU
		{DCA69C4C-FAB8-470A-870F-2B791F5F0BD2}.Release|Any CPU.ActiveCfg = Release|Any CPU
		{DCA69C4C-FAB8-470A-870F-2B791F5F0BD2}.Release|Any CPU.Build.0 = Release|Any CPU
		{E14D2B32-64B9-48B9-BABF-5C108C4F721F}.Debug|Any CPU.ActiveCfg = Debug|Any CPU
		{E14D2B32-64B9-48B9-BABF-5C108C4F721F}.Debug|Any CPU.Build.0 = Debug|Any CPU
		{E14D2B32-64B9-48B9-BABF-5C108C4F721F}.Release|Any CPU.ActiveCfg = Release|Any CPU
		{E14D2B32-64B9-48B9-BABF-5C108C4F721F}.Release|Any CPU.Build.0 = Release|Any CPU
		{243AC333-6643-476B-B6E8-6176C8CD9862}.Debug|Any CPU.ActiveCfg = Debug|Any CPU
		{243AC333-6643-476B-B6E8-6176C8CD9862}.Debug|Any CPU.Build.0 = Debug|Any CPU
		{243AC333-6643-476B-B6E8-6176C8CD9862}.Release|Any CPU.ActiveCfg = Release|Any CPU
		{243AC333-6643-476B-B6E8-6176C8CD9862}.Release|Any CPU.Build.0 = Release|Any CPU
		{F366B479-DE02-4B7B-8B40-207E6AC72A76}.Debug|Any CPU.ActiveCfg = Debug|Any CPU
		{F366B479-DE02-4B7B-8B40-207E6AC72A76}.Debug|Any CPU.Build.0 = Debug|Any CPU
		{F366B479-DE02-4B7B-8B40-207E6AC72A76}.Release|Any CPU.ActiveCfg = Release|Any CPU
		{F366B479-DE02-4B7B-8B40-207E6AC72A76}.Release|Any CPU.Build.0 = Release|Any CPU
		{C6ABA86E-DA3A-44F5-B31F-392CC657B68D}.Debug|Any CPU.ActiveCfg = Debug|Any CPU
		{C6ABA86E-DA3A-44F5-B31F-392CC657B68D}.Debug|Any CPU.Build.0 = Debug|Any CPU
		{C6ABA86E-DA3A-44F5-B31F-392CC657B68D}.Release|Any CPU.ActiveCfg = Release|Any CPU
		{C6ABA86E-DA3A-44F5-B31F-392CC657B68D}.Release|Any CPU.Build.0 = Release|Any CPU
		{71C8A89D-6BBB-468A-9C1D-0F1E252CC3EF}.Debug|Any CPU.ActiveCfg = Debug|Any CPU
		{71C8A89D-6BBB-468A-9C1D-0F1E252CC3EF}.Debug|Any CPU.Build.0 = Debug|Any CPU
		{71C8A89D-6BBB-468A-9C1D-0F1E252CC3EF}.Release|Any CPU.ActiveCfg = Release|Any CPU
		{71C8A89D-6BBB-468A-9C1D-0F1E252CC3EF}.Release|Any CPU.Build.0 = Release|Any CPU
		{025C0EB4-BB99-4F35-86DC-E3DABE18098E}.Debug|Any CPU.ActiveCfg = Debug|Any CPU
		{025C0EB4-BB99-4F35-86DC-E3DABE18098E}.Debug|Any CPU.Build.0 = Debug|Any CPU
		{025C0EB4-BB99-4F35-86DC-E3DABE18098E}.Release|Any CPU.ActiveCfg = Release|Any CPU
		{025C0EB4-BB99-4F35-86DC-E3DABE18098E}.Release|Any CPU.Build.0 = Release|Any CPU
		{DE45107F-B586-41CD-8395-CC55F227A1F6}.Debug|Any CPU.ActiveCfg = Debug|Any CPU
		{DE45107F-B586-41CD-8395-CC55F227A1F6}.Debug|Any CPU.Build.0 = Debug|Any CPU
		{DE45107F-B586-41CD-8395-CC55F227A1F6}.Release|Any CPU.ActiveCfg = Release|Any CPU
		{DE45107F-B586-41CD-8395-CC55F227A1F6}.Release|Any CPU.Build.0 = Release|Any CPU
		{D07388EC-5A28-4006-AD08-909363E21E21}.Debug|Any CPU.ActiveCfg = Debug|Any CPU
		{D07388EC-5A28-4006-AD08-909363E21E21}.Debug|Any CPU.Build.0 = Debug|Any CPU
		{D07388EC-5A28-4006-AD08-909363E21E21}.Release|Any CPU.ActiveCfg = Release|Any CPU
		{D07388EC-5A28-4006-AD08-909363E21E21}.Release|Any CPU.Build.0 = Release|Any CPU
		{1B66351B-7052-42B9-8B0D-FCC9B65AFEF8}.Debug|Any CPU.ActiveCfg = Debug|Any CPU
		{1B66351B-7052-42B9-8B0D-FCC9B65AFEF8}.Debug|Any CPU.Build.0 = Debug|Any CPU
		{1B66351B-7052-42B9-8B0D-FCC9B65AFEF8}.Release|Any CPU.ActiveCfg = Release|Any CPU
		{1B66351B-7052-42B9-8B0D-FCC9B65AFEF8}.Release|Any CPU.Build.0 = Release|Any CPU
		{D0E8A36A-882B-48C7-B6B8-CCD9BE8FD9A5}.Debug|Any CPU.ActiveCfg = Debug|Any CPU
		{D0E8A36A-882B-48C7-B6B8-CCD9BE8FD9A5}.Debug|Any CPU.Build.0 = Debug|Any CPU
		{D0E8A36A-882B-48C7-B6B8-CCD9BE8FD9A5}.Release|Any CPU.ActiveCfg = Release|Any CPU
		{D0E8A36A-882B-48C7-B6B8-CCD9BE8FD9A5}.Release|Any CPU.Build.0 = Release|Any CPU
		{23E2FD28-67DA-4264-81EA-AFA248140CB2}.Debug|Any CPU.ActiveCfg = Debug|Any CPU
		{23E2FD28-67DA-4264-81EA-AFA248140CB2}.Debug|Any CPU.Build.0 = Debug|Any CPU
		{23E2FD28-67DA-4264-81EA-AFA248140CB2}.Release|Any CPU.ActiveCfg = Release|Any CPU
		{23E2FD28-67DA-4264-81EA-AFA248140CB2}.Release|Any CPU.Build.0 = Release|Any CPU
	EndGlobalSection
	GlobalSection(SolutionProperties) = preSolution
		HideSolutionNode = FALSE
	EndGlobalSection
	GlobalSection(NestedProjects) = preSolution
		{7A4B03B5-6B03-453B-BCE9-F4CC35DCE39E} = {7F74771B-FF4C-47DC-85FF-EAE2E881DF01}
		{2D1C7247-C670-4429-BEF4-CD92D04B41F1} = {7A4B03B5-6B03-453B-BCE9-F4CC35DCE39E}
		{B25EFA53-9842-43CE-856E-0BFADB118C33} = {7A4B03B5-6B03-453B-BCE9-F4CC35DCE39E}
		{31D4B91C-D332-446B-8EB7-030D1C159349} = {7A4B03B5-6B03-453B-BCE9-F4CC35DCE39E}
		{DBDEAAB8-6E57-4BB2-A2AE-B170E40AE1D5} = {7A4B03B5-6B03-453B-BCE9-F4CC35DCE39E}
		{63CD4BE4-FD5D-45B5-9A79-0A3FE60FA537} = {7F74771B-FF4C-47DC-85FF-EAE2E881DF01}
		{18249136-B4F5-4760-A134-BE54692CC17B} = {63CD4BE4-FD5D-45B5-9A79-0A3FE60FA537}
		{C7CB7F40-1F62-4BB5-A756-AEEF479DBE09} = {63CD4BE4-FD5D-45B5-9A79-0A3FE60FA537}
		{61339818-FB6B-46FE-A855-50CEB3438D68} = {63CD4BE4-FD5D-45B5-9A79-0A3FE60FA537}
		{3D3D169B-FE02-4B7F-8211-E003657F73C0} = {63CD4BE4-FD5D-45B5-9A79-0A3FE60FA537}
		{57DAD1D5-5BE8-4856-86EA-DCC53E8E4A50} = {63CD4BE4-FD5D-45B5-9A79-0A3FE60FA537}
		{7132D6CE-BC09-4CA9-B125-7F3DA1A1B7D8} = {7F74771B-FF4C-47DC-85FF-EAE2E881DF01}
		{3716E7A0-8867-43C5-9E89-A06D3F0A91D9} = {7132D6CE-BC09-4CA9-B125-7F3DA1A1B7D8}
		{F557004B-9E14-410A-8D05-F99BDE5D1996} = {7132D6CE-BC09-4CA9-B125-7F3DA1A1B7D8}
		{A6637785-18CD-4C40-BBAF-A615A6C949B2} = {7F74771B-FF4C-47DC-85FF-EAE2E881DF01}
		{20B45898-80BF-4301-AEC8-46C5E732174D} = {A6637785-18CD-4C40-BBAF-A615A6C949B2}
		{3865AC3E-0E34-4024-AC5B-11255C18F354} = {A6637785-18CD-4C40-BBAF-A615A6C949B2}
		{AFDD34FE-A5FA-4D82-819E-CD9C2FB8FFCD} = {A6637785-18CD-4C40-BBAF-A615A6C949B2}
		{533AE2DE-0B3E-4D48-9B4B-E338FAFB7CA4} = {7F74771B-FF4C-47DC-85FF-EAE2E881DF01}
		{5D9D6D99-B522-4037-9DC9-96B8FF034F3C} = {533AE2DE-0B3E-4D48-9B4B-E338FAFB7CA4}
		{3FD7DC8E-9A62-4178-8727-10DA1071FD8D} = {533AE2DE-0B3E-4D48-9B4B-E338FAFB7CA4}
		{62B5F5D3-FF64-4C19-902F-8DC809ACC098} = {533AE2DE-0B3E-4D48-9B4B-E338FAFB7CA4}
		{67B1C6E3-EEC7-484A-A61D-CC21F8547306} = {533AE2DE-0B3E-4D48-9B4B-E338FAFB7CA4}
		{7689BDD8-60FF-4827-A26D-DD402B5EB51F} = {EE3EC30C-A37A-48BE-91A2-2CBE6702F83F}
		{DCA69C4C-FAB8-470A-870F-2B791F5F0BD2} = {7689BDD8-60FF-4827-A26D-DD402B5EB51F}
		{E14D2B32-64B9-48B9-BABF-5C108C4F721F} = {571D9BD6-8B46-4C7C-871D-A35140916A15}
		{571D9BD6-8B46-4C7C-871D-A35140916A15} = {EE3EC30C-A37A-48BE-91A2-2CBE6702F83F}
		{243AC333-6643-476B-B6E8-6176C8CD9862} = {571D9BD6-8B46-4C7C-871D-A35140916A15}
		{F366B479-DE02-4B7B-8B40-207E6AC72A76} = {571D9BD6-8B46-4C7C-871D-A35140916A15}
		{C6ABA86E-DA3A-44F5-B31F-392CC657B68D} = {571D9BD6-8B46-4C7C-871D-A35140916A15}
		{AFD8FCC8-D7C7-473C-B0AF-416F01CE76B5} = {EE3EC30C-A37A-48BE-91A2-2CBE6702F83F}
		{71C8A89D-6BBB-468A-9C1D-0F1E252CC3EF} = {AFD8FCC8-D7C7-473C-B0AF-416F01CE76B5}
		{025C0EB4-BB99-4F35-86DC-E3DABE18098E} = {AFD8FCC8-D7C7-473C-B0AF-416F01CE76B5}
		{EB5036A5-CAFA-4000-A610-DB5BEBB9E5BC} = {EE3EC30C-A37A-48BE-91A2-2CBE6702F83F}
		{DE45107F-B586-41CD-8395-CC55F227A1F6} = {EB5036A5-CAFA-4000-A610-DB5BEBB9E5BC}
		{D07388EC-5A28-4006-AD08-909363E21E21} = {EB5036A5-CAFA-4000-A610-DB5BEBB9E5BC}
		{4613250C-559E-46BD-B11F-F1AE56E7E7F9} = {EE3EC30C-A37A-48BE-91A2-2CBE6702F83F}
		{1B66351B-7052-42B9-8B0D-FCC9B65AFEF8} = {4613250C-559E-46BD-B11F-F1AE56E7E7F9}
		{D0E8A36A-882B-48C7-B6B8-CCD9BE8FD9A5} = {EB5036A5-CAFA-4000-A610-DB5BEBB9E5BC}
		{23E2FD28-67DA-4264-81EA-AFA248140CB2} = {4613250C-559E-46BD-B11F-F1AE56E7E7F9}
	EndGlobalSection
	GlobalSection(ExtensibilityGlobals) = postSolution
		SolutionGuid = {C81A783E-8572-4275-9E04-D509C068522F}
	EndGlobalSection
EndGlobal
