
Microsoft Visual Studio Solution File, Format Version 12.00
# Visual Studio Version 17
VisualStudioVersion = 17.5.33414.496
MinimumVisualStudioVersion = 10.0.40219.1
Project("{2150E333-8FDC-42A3-9474-1A3956D46DE8}") = "04 - Repeticao", "04 - Repeticao", "{7A4B03B5-6B03-453B-BCE9-F4CC35DCE39E}"
EndProject
Project("{9A19103F-16F7-4668-BE54-9A1E7A4F7556}") = "Tabuada", "..\Repeticao01\Tabuada.csproj", "{2D1C7247-C670-4429-BEF4-CD92D04B41F1}"
EndProject
Project("{9A19103F-16F7-4668-BE54-9A1E7A4F7556}") = "Fatorial", "..\Fatorial\Fatorial.csproj", "{B25EFA53-9842-43CE-856E-0BFADB118C33}"
EndProject
Project("{9A19103F-16F7-4668-BE54-9A1E7A4F7556}") = "SomatoriaNumeros", "..\SomatoriaNumeros\SomatoriaNumeros.csproj", "{31D4B91C-D332-446B-8EB7-030D1C159349}"
EndProject
Project("{9A19103F-16F7-4668-BE54-9A1E7A4F7556}") = "NumPares", "..\NumPares\NumPares.csproj", "{DBDEAAB8-6E57-4BB2-A2AE-B170E40AE1D5}"
EndProject
Project("{2150E333-8FDC-42A3-9474-1A3956D46DE8}") = "05 - Arrays", "05 - Arrays", "{63CD4BE4-FD5D-45B5-9A79-0A3FE60FA537}"
EndProject
Project("{FAE04EC0-301F-11D3-BF4B-00C04F79EFBC}") = "Arrays", "Vetores\Arrays.csproj", "{18249136-B4F5-4760-A134-BE54692CC17B}"
EndProject
Project("{FAE04EC0-301F-11D3-BF4B-00C04F79EFBC}") = "InicializacaoArray", "InicializacaoArray\InicializacaoArray.csproj", "{C7CB7F40-1F62-4BB5-A756-AEEF479DBE09}"
EndProject
Project("{FAE04EC0-301F-11D3-BF4B-00C04F79EFBC}") = "LerElementosA_B", "LerElementosA_B\LerElementosA_B.csproj", "{61339818-FB6B-46FE-A855-50CEB3438D68}"
EndProject
Project("{FAE04EC0-301F-11D3-BF4B-00C04F79EFBC}") = "Matriz", "Matriz\Matriz.csproj", "{3D3D169B-FE02-4B7F-8211-E003657F73C0}"
EndProject
Project("{FAE04EC0-301F-11D3-BF4B-00C04F79EFBC}") = "Matriz2x2", "Matriz2x2\Matriz2x2.csproj", "{57DAD1D5-5BE8-4856-86EA-DCC53E8E4A50}"
EndProject
Project("{2150E333-8FDC-42A3-9474-1A3956D46DE8}") = "06 - Versionamento", "06 - Versionamento", "{7132D6CE-BC09-4CA9-B125-7F3DA1A1B7D8}"
EndProject
Project("{FAE04EC0-301F-11D3-BF4B-00C04F79EFBC}") = "CalcPesoAltura", "CalcPesoAltura\CalcPesoAltura.csproj", "{3716E7A0-8867-43C5-9E89-A06D3F0A91D9}"
EndProject
Project("{FAE04EC0-301F-11D3-BF4B-00C04F79EFBC}") = "ValorVenda", "ValorVenda\ValorVenda.csproj", "{F557004B-9E14-410A-8D05-F99BDE5D1996}"
EndProject
Global
	GlobalSection(SolutionConfigurationPlatforms) = preSolution
		Debug|Any CPU = Debug|Any CPU
		Release|Any CPU = Release|Any CPU
	EndGlobalSection
	GlobalSection(ProjectConfigurationPlatforms) = postSolution
		{2D1C7247-C670-4429-BEF4-CD92D04B41F1}.Debug|Any CPU.ActiveCfg = Debug|Any CPU
		{2D1C7247-C670-4429-BEF4-CD92D04B41F1}.Debug|Any CPU.Build.0 = Debug|Any CPU
		{2D1C7247-C670-4429-BEF4-CD92D04B41F1}.Release|Any CPU.ActiveCfg = Release|Any CPU
		{2D1C7247-C670-4429-BEF4-CD92D04B41F1}.Release|Any CPU.Build.0 = Release|Any CPU
		{B25EFA53-9842-43CE-856E-0BFADB118C33}.Debug|Any CPU.ActiveCfg = Debug|Any CPU
		{B25EFA53-9842-43CE-856E-0BFADB118C33}.Debug|Any CPU.Build.0 = Debug|Any CPU
		{B25EFA53-9842-43CE-856E-0BFADB118C33}.Release|Any CPU.ActiveCfg = Release|Any CPU
		{B25EFA53-9842-43CE-856E-0BFADB118C33}.Release|Any CPU.Build.0 = Release|Any CPU
		{31D4B91C-D332-446B-8EB7-030D1C159349}.Debug|Any CPU.ActiveCfg = Debug|Any CPU
		{31D4B91C-D332-446B-8EB7-030D1C159349}.Debug|Any CPU.Build.0 = Debug|Any CPU
		{31D4B91C-D332-446B-8EB7-030D1C159349}.Release|Any CPU.ActiveCfg = Release|Any CPU
		{31D4B91C-D332-446B-8EB7-030D1C159349}.Release|Any CPU.Build.0 = Release|Any CPU
		{DBDEAAB8-6E57-4BB2-A2AE-B170E40AE1D5}.Debug|Any CPU.ActiveCfg = Debug|Any CPU
		{DBDEAAB8-6E57-4BB2-A2AE-B170E40AE1D5}.Debug|Any CPU.Build.0 = Debug|Any CPU
		{DBDEAAB8-6E57-4BB2-A2AE-B170E40AE1D5}.Release|Any CPU.ActiveCfg = Release|Any CPU
		{DBDEAAB8-6E57-4BB2-A2AE-B170E40AE1D5}.Release|Any CPU.Build.0 = Release|Any CPU
		{18249136-B4F5-4760-A134-BE54692CC17B}.Debug|Any CPU.ActiveCfg = Debug|Any CPU
		{18249136-B4F5-4760-A134-BE54692CC17B}.Debug|Any CPU.Build.0 = Debug|Any CPU
		{18249136-B4F5-4760-A134-BE54692CC17B}.Release|Any CPU.ActiveCfg = Release|Any CPU
		{18249136-B4F5-4760-A134-BE54692CC17B}.Release|Any CPU.Build.0 = Release|Any CPU
		{C7CB7F40-1F62-4BB5-A756-AEEF479DBE09}.Debug|Any CPU.ActiveCfg = Debug|Any CPU
		{C7CB7F40-1F62-4BB5-A756-AEEF479DBE09}.Debug|Any CPU.Build.0 = Debug|Any CPU
		{C7CB7F40-1F62-4BB5-A756-AEEF479DBE09}.Release|Any CPU.ActiveCfg = Release|Any CPU
		{C7CB7F40-1F62-4BB5-A756-AEEF479DBE09}.Release|Any CPU.Build.0 = Release|Any CPU
		{61339818-FB6B-46FE-A855-50CEB3438D68}.Debug|Any CPU.ActiveCfg = Debug|Any CPU
		{61339818-FB6B-46FE-A855-50CEB3438D68}.Debug|Any CPU.Build.0 = Debug|Any CPU
		{61339818-FB6B-46FE-A855-50CEB3438D68}.Release|Any CPU.ActiveCfg = Release|Any CPU
		{61339818-FB6B-46FE-A855-50CEB3438D68}.Release|Any CPU.Build.0 = Release|Any CPU
		{3D3D169B-FE02-4B7F-8211-E003657F73C0}.Debug|Any CPU.ActiveCfg = Debug|Any CPU
		{3D3D169B-FE02-4B7F-8211-E003657F73C0}.Debug|Any CPU.Build.0 = Debug|Any CPU
		{3D3D169B-FE02-4B7F-8211-E003657F73C0}.Release|Any CPU.ActiveCfg = Release|Any CPU
		{3D3D169B-FE02-4B7F-8211-E003657F73C0}.Release|Any CPU.Build.0 = Release|Any CPU
		{57DAD1D5-5BE8-4856-86EA-DCC53E8E4A50}.Debug|Any CPU.ActiveCfg = Debug|Any CPU
		{57DAD1D5-5BE8-4856-86EA-DCC53E8E4A50}.Debug|Any CPU.Build.0 = Debug|Any CPU
		{57DAD1D5-5BE8-4856-86EA-DCC53E8E4A50}.Release|Any CPU.ActiveCfg = Release|Any CPU
		{57DAD1D5-5BE8-4856-86EA-DCC53E8E4A50}.Release|Any CPU.Build.0 = Release|Any CPU
		{3716E7A0-8867-43C5-9E89-A06D3F0A91D9}.Debug|Any CPU.ActiveCfg = Debug|Any CPU
		{3716E7A0-8867-43C5-9E89-A06D3F0A91D9}.Debug|Any CPU.Build.0 = Debug|Any CPU
		{3716E7A0-8867-43C5-9E89-A06D3F0A91D9}.Release|Any CPU.ActiveCfg = Release|Any CPU
		{3716E7A0-8867-43C5-9E89-A06D3F0A91D9}.Release|Any CPU.Build.0 = Release|Any CPU
		{F557004B-9E14-410A-8D05-F99BDE5D1996}.Debug|Any CPU.ActiveCfg = Debug|Any CPU
		{F557004B-9E14-410A-8D05-F99BDE5D1996}.Debug|Any CPU.Build.0 = Debug|Any CPU
		{F557004B-9E14-410A-8D05-F99BDE5D1996}.Release|Any CPU.ActiveCfg = Release|Any CPU
		{F557004B-9E14-410A-8D05-F99BDE5D1996}.Release|Any CPU.Build.0 = Release|Any CPU
	EndGlobalSection
	GlobalSection(SolutionProperties) = preSolution
		HideSolutionNode = FALSE
	EndGlobalSection
	GlobalSection(NestedProjects) = preSolution
		{2D1C7247-C670-4429-BEF4-CD92D04B41F1} = {7A4B03B5-6B03-453B-BCE9-F4CC35DCE39E}
		{B25EFA53-9842-43CE-856E-0BFADB118C33} = {7A4B03B5-6B03-453B-BCE9-F4CC35DCE39E}
		{31D4B91C-D332-446B-8EB7-030D1C159349} = {7A4B03B5-6B03-453B-BCE9-F4CC35DCE39E}
		{DBDEAAB8-6E57-4BB2-A2AE-B170E40AE1D5} = {7A4B03B5-6B03-453B-BCE9-F4CC35DCE39E}
		{18249136-B4F5-4760-A134-BE54692CC17B} = {63CD4BE4-FD5D-45B5-9A79-0A3FE60FA537}
		{C7CB7F40-1F62-4BB5-A756-AEEF479DBE09} = {63CD4BE4-FD5D-45B5-9A79-0A3FE60FA537}
		{61339818-FB6B-46FE-A855-50CEB3438D68} = {63CD4BE4-FD5D-45B5-9A79-0A3FE60FA537}
		{3D3D169B-FE02-4B7F-8211-E003657F73C0} = {63CD4BE4-FD5D-45B5-9A79-0A3FE60FA537}
		{57DAD1D5-5BE8-4856-86EA-DCC53E8E4A50} = {63CD4BE4-FD5D-45B5-9A79-0A3FE60FA537}
		{3716E7A0-8867-43C5-9E89-A06D3F0A91D9} = {7132D6CE-BC09-4CA9-B125-7F3DA1A1B7D8}
		{F557004B-9E14-410A-8D05-F99BDE5D1996} = {7132D6CE-BC09-4CA9-B125-7F3DA1A1B7D8}
	EndGlobalSection
	GlobalSection(ExtensibilityGlobals) = postSolution
		SolutionGuid = {C81A783E-8572-4275-9E04-D509C068522F}
	EndGlobalSection
EndGlobal
