
Microsoft Visual Studio Solution File, Format Version 12.00
# Visual Studio Version 17
VisualStudioVersion = 17.4.33213.308
MinimumVisualStudioVersion = 10.0.40219.1
Project("{9A19103F-16F7-4668-BE54-9A1E7A4F7556}") = "Aula01", "Aula01.csproj", "{D1828C97-2013-42AA-9EB2-C8C9B4FEE0CC}"
EndProject
Project("{2150E333-8FDC-42A3-9474-1A3956D46DE8}") = "Aula 01", "Aula 01", "{92F62ABE-191F-4618-B06E-04F897F9B02F}"
EndProject
Project("{2150E333-8FDC-42A3-9474-1A3956D46DE8}") = "Exercicios", "Exercicios", "{38717F62-9760-4013-84F9-89902081A4E4}"
EndProject
Project("{2150E333-8FDC-42A3-9474-1A3956D46DE8}") = "Aula", "Aula", "{1742D92B-0C01-4DD4-ADC4-77819AF0B413}"
EndProject
Project("{9A19103F-16F7-4668-BE54-9A1E7A4F7556}") = "Ex01", "..\Ex01\Ex01.csproj", "{D64B0AB9-3E52-4F52-A9CE-2422D19F2ABA}"
EndProject
Project("{2150E333-8FDC-42A3-9474-1A3956D46DE8}") = "Aula 02", "Aula 02", "{EA85AF40-0706-4932-AA0C-54B716C9ED84}"
EndProject
Project("{9A19103F-16F7-4668-BE54-9A1E7A4F7556}") = "Aula02", "..\Aula02\Aula02.csproj", "{2F5120D5-D0D6-4860-B8A1-FEA6EF1D6949}"
EndProject
Project("{2150E333-8FDC-42A3-9474-1A3956D46DE8}") = "Aula", "Aula", "{5E4B06DA-F34A-4438-B6E6-780F0086B41A}"
EndProject
Project("{2150E333-8FDC-42A3-9474-1A3956D46DE8}") = "Exercicios", "Exercicios", "{04C17ABA-1B6C-407C-9BAB-B75792596D70}"
EndProject
Project("{9A19103F-16F7-4668-BE54-9A1E7A4F7556}") = "Ex01", "..\Exercicio\Ex01.csproj", "{2EA06E4A-CFB5-4648-AF68-5651952EAB4E}"
EndProject
Project("{9A19103F-16F7-4668-BE54-9A1E7A4F7556}") = "Ex02", "..\Ex02\Ex02.csproj", "{35741515-050F-48AA-89AF-F15BF3237DA5}"
EndProject
Project("{FAE04EC0-301F-11D3-BF4B-00C04F79EFBC}") = "Ex03", "..\Ex03\Ex03.csproj", "{CDD22F21-0110-464A-81C4-9B0F96E881CB}"
EndProject
Project("{FAE04EC0-301F-11D3-BF4B-00C04F79EFBC}") = "Ex04", "..\Ex04\Ex04.csproj", "{8A744C4A-BC23-4BCE-8839-330FA3788D3B}"
EndProject
Project("{FAE04EC0-301F-11D3-BF4B-00C04F79EFBC}") = "Ex05", "..\Ex05\Ex05.csproj", "{5C6CA046-DB66-445F-903E-4032E8CFE538}"
EndProject
Project("{2150E333-8FDC-42A3-9474-1A3956D46DE8}") = "Aula 03", "Aula 03", "{145BA6C8-1644-443E-9125-BB2F659C94D3}"
EndProject
Project("{2150E333-8FDC-42A3-9474-1A3956D46DE8}") = "Aula", "Aula", "{5EE35227-60C6-426A-BDE3-BC025B818FE4}"
EndProject
Project("{2150E333-8FDC-42A3-9474-1A3956D46DE8}") = "Exercicios", "Exercicios", "{8D71AB64-84AF-48B4-845A-2896B7466464}"
EndProject
Project("{FAE04EC0-301F-11D3-BF4B-00C04F79EFBC}") = "Aula03", "..\Aula03\Aula03.csproj", "{FEBC889B-8593-4DA2-AAD1-9604458109CD}"
EndProject
Project("{FAE04EC0-301F-11D3-BF4B-00C04F79EFBC}") = "A03_Ex01", "..\A03_Ex01\A03_Ex01.csproj", "{C2159647-2764-427E-AAE6-464F52CE6A3C}"
EndProject
Project("{FAE04EC0-301F-11D3-BF4B-00C04F79EFBC}") = "A03_Ex02", "..\A03_Ex02\A03_Ex02.csproj", "{344207CA-E0D9-422A-B25A-00159015530B}"
EndProject
Project("{FAE04EC0-301F-11D3-BF4B-00C04F79EFBC}") = "A03_EX03", "..\A03_EX03\A03_EX03.csproj", "{B4E73AA5-94C8-401B-B513-E731CFC4A0AA}"
EndProject
Project("{FAE04EC0-301F-11D3-BF4B-00C04F79EFBC}") = "A03_Ex04", "..\A03_Ex04\A03_Ex04.csproj", "{DC334A8A-55F9-4213-8861-9382A3E0CFBE}"
EndProject
Project("{FAE04EC0-301F-11D3-BF4B-00C04F79EFBC}") = "A03_Ex05", "..\A03_Ex05\A03_Ex05.csproj", "{045778AE-8CC6-427B-953B-E5B6DDACBA30}"
EndProject
Global
	GlobalSection(SolutionConfigurationPlatforms) = preSolution
		Debug|Any CPU = Debug|Any CPU
		Release|Any CPU = Release|Any CPU
	EndGlobalSection
	GlobalSection(ProjectConfigurationPlatforms) = postSolution
		{D1828C97-2013-42AA-9EB2-C8C9B4FEE0CC}.Debug|Any CPU.ActiveCfg = Debug|Any CPU
		{D1828C97-2013-42AA-9EB2-C8C9B4FEE0CC}.Debug|Any CPU.Build.0 = Debug|Any CPU
		{D1828C97-2013-42AA-9EB2-C8C9B4FEE0CC}.Release|Any CPU.ActiveCfg = Release|Any CPU
		{D1828C97-2013-42AA-9EB2-C8C9B4FEE0CC}.Release|Any CPU.Build.0 = Release|Any CPU
		{D64B0AB9-3E52-4F52-A9CE-2422D19F2ABA}.Debug|Any CPU.ActiveCfg = Debug|Any CPU
		{D64B0AB9-3E52-4F52-A9CE-2422D19F2ABA}.Debug|Any CPU.Build.0 = Debug|Any CPU
		{D64B0AB9-3E52-4F52-A9CE-2422D19F2ABA}.Release|Any CPU.ActiveCfg = Release|Any CPU
		{D64B0AB9-3E52-4F52-A9CE-2422D19F2ABA}.Release|Any CPU.Build.0 = Release|Any CPU
		{2F5120D5-D0D6-4860-B8A1-FEA6EF1D6949}.Debug|Any CPU.ActiveCfg = Debug|Any CPU
		{2F5120D5-D0D6-4860-B8A1-FEA6EF1D6949}.Debug|Any CPU.Build.0 = Debug|Any CPU
		{2F5120D5-D0D6-4860-B8A1-FEA6EF1D6949}.Release|Any CPU.ActiveCfg = Release|Any CPU
		{2F5120D5-D0D6-4860-B8A1-FEA6EF1D6949}.Release|Any CPU.Build.0 = Release|Any CPU
		{2EA06E4A-CFB5-4648-AF68-5651952EAB4E}.Debug|Any CPU.ActiveCfg = Debug|Any CPU
		{2EA06E4A-CFB5-4648-AF68-5651952EAB4E}.Debug|Any CPU.Build.0 = Debug|Any CPU
		{2EA06E4A-CFB5-4648-AF68-5651952EAB4E}.Release|Any CPU.ActiveCfg = Release|Any CPU
		{2EA06E4A-CFB5-4648-AF68-5651952EAB4E}.Release|Any CPU.Build.0 = Release|Any CPU
		{35741515-050F-48AA-89AF-F15BF3237DA5}.Debug|Any CPU.ActiveCfg = Debug|Any CPU
		{35741515-050F-48AA-89AF-F15BF3237DA5}.Debug|Any CPU.Build.0 = Debug|Any CPU
		{35741515-050F-48AA-89AF-F15BF3237DA5}.Release|Any CPU.ActiveCfg = Release|Any CPU
		{35741515-050F-48AA-89AF-F15BF3237DA5}.Release|Any CPU.Build.0 = Release|Any CPU
		{CDD22F21-0110-464A-81C4-9B0F96E881CB}.Debug|Any CPU.ActiveCfg = Debug|Any CPU
		{CDD22F21-0110-464A-81C4-9B0F96E881CB}.Debug|Any CPU.Build.0 = Debug|Any CPU
		{CDD22F21-0110-464A-81C4-9B0F96E881CB}.Release|Any CPU.ActiveCfg = Release|Any CPU
		{CDD22F21-0110-464A-81C4-9B0F96E881CB}.Release|Any CPU.Build.0 = Release|Any CPU
		{8A744C4A-BC23-4BCE-8839-330FA3788D3B}.Debug|Any CPU.ActiveCfg = Debug|Any CPU
		{8A744C4A-BC23-4BCE-8839-330FA3788D3B}.Debug|Any CPU.Build.0 = Debug|Any CPU
		{8A744C4A-BC23-4BCE-8839-330FA3788D3B}.Release|Any CPU.ActiveCfg = Release|Any CPU
		{8A744C4A-BC23-4BCE-8839-330FA3788D3B}.Release|Any CPU.Build.0 = Release|Any CPU
		{5C6CA046-DB66-445F-903E-4032E8CFE538}.Debug|Any CPU.ActiveCfg = Debug|Any CPU
		{5C6CA046-DB66-445F-903E-4032E8CFE538}.Debug|Any CPU.Build.0 = Debug|Any CPU
		{5C6CA046-DB66-445F-903E-4032E8CFE538}.Release|Any CPU.ActiveCfg = Release|Any CPU
		{5C6CA046-DB66-445F-903E-4032E8CFE538}.Release|Any CPU.Build.0 = Release|Any CPU
		{FEBC889B-8593-4DA2-AAD1-9604458109CD}.Debug|Any CPU.ActiveCfg = Debug|Any CPU
		{FEBC889B-8593-4DA2-AAD1-9604458109CD}.Debug|Any CPU.Build.0 = Debug|Any CPU
		{FEBC889B-8593-4DA2-AAD1-9604458109CD}.Release|Any CPU.ActiveCfg = Release|Any CPU
		{FEBC889B-8593-4DA2-AAD1-9604458109CD}.Release|Any CPU.Build.0 = Release|Any CPU
		{C2159647-2764-427E-AAE6-464F52CE6A3C}.Debug|Any CPU.ActiveCfg = Debug|Any CPU
		{C2159647-2764-427E-AAE6-464F52CE6A3C}.Debug|Any CPU.Build.0 = Debug|Any CPU
		{C2159647-2764-427E-AAE6-464F52CE6A3C}.Release|Any CPU.ActiveCfg = Release|Any CPU
		{C2159647-2764-427E-AAE6-464F52CE6A3C}.Release|Any CPU.Build.0 = Release|Any CPU
		{344207CA-E0D9-422A-B25A-00159015530B}.Debug|Any CPU.ActiveCfg = Debug|Any CPU
		{344207CA-E0D9-422A-B25A-00159015530B}.Debug|Any CPU.Build.0 = Debug|Any CPU
		{344207CA-E0D9-422A-B25A-00159015530B}.Release|Any CPU.ActiveCfg = Release|Any CPU
		{344207CA-E0D9-422A-B25A-00159015530B}.Release|Any CPU.Build.0 = Release|Any CPU
		{B4E73AA5-94C8-401B-B513-E731CFC4A0AA}.Debug|Any CPU.ActiveCfg = Debug|Any CPU
		{B4E73AA5-94C8-401B-B513-E731CFC4A0AA}.Debug|Any CPU.Build.0 = Debug|Any CPU
		{B4E73AA5-94C8-401B-B513-E731CFC4A0AA}.Release|Any CPU.ActiveCfg = Release|Any CPU
		{B4E73AA5-94C8-401B-B513-E731CFC4A0AA}.Release|Any CPU.Build.0 = Release|Any CPU
		{DC334A8A-55F9-4213-8861-9382A3E0CFBE}.Debug|Any CPU.ActiveCfg = Debug|Any CPU
		{DC334A8A-55F9-4213-8861-9382A3E0CFBE}.Debug|Any CPU.Build.0 = Debug|Any CPU
		{DC334A8A-55F9-4213-8861-9382A3E0CFBE}.Release|Any CPU.ActiveCfg = Release|Any CPU
		{DC334A8A-55F9-4213-8861-9382A3E0CFBE}.Release|Any CPU.Build.0 = Release|Any CPU
		{045778AE-8CC6-427B-953B-E5B6DDACBA30}.Debug|Any CPU.ActiveCfg = Debug|Any CPU
		{045778AE-8CC6-427B-953B-E5B6DDACBA30}.Debug|Any CPU.Build.0 = Debug|Any CPU
		{045778AE-8CC6-427B-953B-E5B6DDACBA30}.Release|Any CPU.ActiveCfg = Release|Any CPU
		{045778AE-8CC6-427B-953B-E5B6DDACBA30}.Release|Any CPU.Build.0 = Release|Any CPU
	EndGlobalSection
	GlobalSection(SolutionProperties) = preSolution
		HideSolutionNode = FALSE
	EndGlobalSection
	GlobalSection(NestedProjects) = preSolution
		{D1828C97-2013-42AA-9EB2-C8C9B4FEE0CC} = {1742D92B-0C01-4DD4-ADC4-77819AF0B413}
		{38717F62-9760-4013-84F9-89902081A4E4} = {92F62ABE-191F-4618-B06E-04F897F9B02F}
		{1742D92B-0C01-4DD4-ADC4-77819AF0B413} = {92F62ABE-191F-4618-B06E-04F897F9B02F}
		{D64B0AB9-3E52-4F52-A9CE-2422D19F2ABA} = {38717F62-9760-4013-84F9-89902081A4E4}
		{2F5120D5-D0D6-4860-B8A1-FEA6EF1D6949} = {5E4B06DA-F34A-4438-B6E6-780F0086B41A}
		{5E4B06DA-F34A-4438-B6E6-780F0086B41A} = {EA85AF40-0706-4932-AA0C-54B716C9ED84}
		{04C17ABA-1B6C-407C-9BAB-B75792596D70} = {EA85AF40-0706-4932-AA0C-54B716C9ED84}
		{2EA06E4A-CFB5-4648-AF68-5651952EAB4E} = {04C17ABA-1B6C-407C-9BAB-B75792596D70}
		{35741515-050F-48AA-89AF-F15BF3237DA5} = {04C17ABA-1B6C-407C-9BAB-B75792596D70}
		{CDD22F21-0110-464A-81C4-9B0F96E881CB} = {04C17ABA-1B6C-407C-9BAB-B75792596D70}
		{8A744C4A-BC23-4BCE-8839-330FA3788D3B} = {04C17ABA-1B6C-407C-9BAB-B75792596D70}
		{5C6CA046-DB66-445F-903E-4032E8CFE538} = {04C17ABA-1B6C-407C-9BAB-B75792596D70}
		{5EE35227-60C6-426A-BDE3-BC025B818FE4} = {145BA6C8-1644-443E-9125-BB2F659C94D3}
		{8D71AB64-84AF-48B4-845A-2896B7466464} = {145BA6C8-1644-443E-9125-BB2F659C94D3}
		{FEBC889B-8593-4DA2-AAD1-9604458109CD} = {5EE35227-60C6-426A-BDE3-BC025B818FE4}
		{C2159647-2764-427E-AAE6-464F52CE6A3C} = {8D71AB64-84AF-48B4-845A-2896B7466464}
		{344207CA-E0D9-422A-B25A-00159015530B} = {8D71AB64-84AF-48B4-845A-2896B7466464}
		{B4E73AA5-94C8-401B-B513-E731CFC4A0AA} = {8D71AB64-84AF-48B4-845A-2896B7466464}
		{DC334A8A-55F9-4213-8861-9382A3E0CFBE} = {8D71AB64-84AF-48B4-845A-2896B7466464}
		{045778AE-8CC6-427B-953B-E5B6DDACBA30} = {8D71AB64-84AF-48B4-845A-2896B7466464}
	EndGlobalSection
	GlobalSection(ExtensibilityGlobals) = postSolution
		SolutionGuid = {160D875E-61FC-4447-B099-A5A78A5006BF}
	EndGlobalSection
EndGlobal
